
Microsoft Visual Studio Solution File, Format Version 12.00
# Visual Studio Version 16
VisualStudioVersion = 16.0.29806.167
MinimumVisualStudioVersion = 10.0.40219.1
Project("{FAE04EC0-301F-11D3-BF4B-00C04F79EFBC}") = "SyntPolApi", "SyntPolApi\SyntPolApi.csproj", "{4A339DBF-D892-4324-ABFE-8D33A41A44FF}"
EndProject
Global
	GlobalSection(SolutionConfigurationPlatforms) = preSolution
		Debug|Any CPU = Debug|Any CPU
		Release|Any CPU = Release|Any CPU
	EndGlobalSection
	GlobalSection(ProjectConfigurationPlatforms) = postSolution
		{4A339DBF-D892-4324-ABFE-8D33A41A44FF}.Debug|Any CPU.ActiveCfg = Debug|Any CPU
		{4A339DBF-D892-4324-ABFE-8D33A41A44FF}.Debug|Any CPU.Build.0 = Debug|Any CPU
		{4A339DBF-D892-4324-ABFE-8D33A41A44FF}.Release|Any CPU.ActiveCfg = Release|Any CPU
		{4A339DBF-D892-4324-ABFE-8D33A41A44FF}.Release|Any CPU.Build.0 = Release|Any CPU
	EndGlobalSection
	GlobalSection(SolutionProperties) = preSolution
		HideSolutionNode = FALSE
	EndGlobalSection
	GlobalSection(ExtensibilityGlobals) = postSolution
		SolutionGuid = {460A31B0-5281-4586-8819-0661F3F89439}
	EndGlobalSection
EndGlobal
